
Microsoft Visual Studio Solution File, Format Version 12.00
# Visual Studio Version 17
VisualStudioVersion = 17.3.32819.101
MinimumVisualStudioVersion = 10.0.40219.1
Project("{FAE04EC0-301F-11D3-BF4B-00C04F79EFBC}") = "eTickets", "eTickets\eTickets.csproj", "{695654E2-083B-4540-ABDB-539A9CD8EE26}"
EndProject
Global
	GlobalSection(SolutionConfigurationPlatforms) = preSolution
		Debug|Any CPU = Debug|Any CPU
		Release|Any CPU = Release|Any CPU
	EndGlobalSection
	GlobalSection(ProjectConfigurationPlatforms) = postSolution
		{695654E2-083B-4540-ABDB-539A9CD8EE26}.Debug|Any CPU.ActiveCfg = Debug|Any CPU
		{695654E2-083B-4540-ABDB-539A9CD8EE26}.Debug|Any CPU.Build.0 = Debug|Any CPU
		{695654E2-083B-4540-ABDB-539A9CD8EE26}.Release|Any CPU.ActiveCfg = Release|Any CPU
		{695654E2-083B-4540-ABDB-539A9CD8EE26}.Release|Any CPU.Build.0 = Release|Any CPU
	EndGlobalSection
	GlobalSection(SolutionProperties) = preSolution
		HideSolutionNode = FALSE
	EndGlobalSection
	GlobalSection(ExtensibilityGlobals) = postSolution
		SolutionGuid = {7F5AE67B-DDA2-495F-8FFE-142DD94330D2}
	EndGlobalSection
EndGlobal
